// !$*UTF8*$!
{
	archiveVersion = 1;
	classes = {
	};
	objectVersion = 46;
	objects = {

/* Begin PBXBuildFile section */
		340BDA7C1A4DEAB600E425FE /* main.m in Sources */ = {isa = PBXBuildFile; fileRef = 340BDA7B1A4DEAB600E425FE /* main.m */; };
		340BDA7F1A4DEAB600E425FE /* AppDelegate.m in Sources */ = {isa = PBXBuildFile; fileRef = 340BDA7E1A4DEAB600E425FE /* AppDelegate.m */; };
		340BDA821A4DEAB600E425FE /* ViewController.m in Sources */ = {isa = PBXBuildFile; fileRef = 340BDA811A4DEAB600E425FE /* ViewController.m */; };
		340BDA851A4DEAB600E425FE /* Main.storyboard in Resources */ = {isa = PBXBuildFile; fileRef = 340BDA831A4DEAB600E425FE /* Main.storyboard */; };
		340BDA871A4DEAB600E425FE /* Images.xcassets in Resources */ = {isa = PBXBuildFile; fileRef = 340BDA861A4DEAB600E425FE /* Images.xcassets */; };
		340BDA8A1A4DEAB600E425FE /* LaunchScreen.xib in Resources */ = {isa = PBXBuildFile; fileRef = 340BDA881A4DEAB600E425FE /* LaunchScreen.xib */; };
		340BDA961A4DEAB600E425FE /* JiraAutherTests.m in Sources */ = {isa = PBXBuildFile; fileRef = 340BDA951A4DEAB600E425FE /* JiraAutherTests.m */; };
		340BDB111A4E219D00E425FE /* MobileCoreServices.framework in Frameworks */ = {isa = PBXBuildFile; fileRef = 340BDB101A4E219D00E425FE /* MobileCoreServices.framework */; };
		340BDB131A4E21B600E425FE /* QuartzCore.framework in Frameworks */ = {isa = PBXBuildFile; fileRef = 340BDB121A4E21B600E425FE /* QuartzCore.framework */; };
		340BDB161A4E240300E425FE /* Security.framework in Frameworks */ = {isa = PBXBuildFile; fileRef = 340BDB151A4E240300E425FE /* Security.framework */; };
		340BDB171A4E243400E425FE /* AFHTTPRequestSerializer+OAuth2.m in Sources */ = {isa = PBXBuildFile; fileRef = 340BDAA21A4DEAF600E425FE /* AFHTTPRequestSerializer+OAuth2.m */; };
		340BDB181A4E243600E425FE /* AFOAuth2Manager.m in Sources */ = {isa = PBXBuildFile; fileRef = 340BDAA41A4DEAF600E425FE /* AFOAuth2Manager.m */; };
		340BDB191A4E244800E425FE /* AFURLSessionManager.m in Sources */ = {isa = PBXBuildFile; fileRef = 340BDAEA1A4DF27400E425FE /* AFURLSessionManager.m */; };
		340BDB1A1A4E244B00E425FE /* AFURLResponseSerialization.m in Sources */ = {isa = PBXBuildFile; fileRef = 340BDAE81A4DF27400E425FE /* AFURLResponseSerialization.m */; };
		340BDB1B1A4E244F00E425FE /* AFURLRequestSerialization.m in Sources */ = {isa = PBXBuildFile; fileRef = 340BDAE61A4DF27400E425FE /* AFURLRequestSerialization.m */; };
		340BDB1C1A4E245600E425FE /* AFURLConnectionOperation.m in Sources */ = {isa = PBXBuildFile; fileRef = 340BDAE41A4DF27400E425FE /* AFURLConnectionOperation.m */; };
		340BDB1D1A4E245A00E425FE /* AFSecurityPolicy.m in Sources */ = {isa = PBXBuildFile; fileRef = 340BDAE21A4DF27400E425FE /* AFSecurityPolicy.m */; };
		340BDB1E1A4E245C00E425FE /* AFNetworkReachabilityManager.m in Sources */ = {isa = PBXBuildFile; fileRef = 340BDAE01A4DF27400E425FE /* AFNetworkReachabilityManager.m */; };
		340BDB1F1A4E246100E425FE /* AFHTTPSessionManager.m in Sources */ = {isa = PBXBuildFile; fileRef = 340BDADD1A4DF27400E425FE /* AFHTTPSessionManager.m */; };
		340BDB201A4E246300E425FE /* AFHTTPRequestOperationManager.m in Sources */ = {isa = PBXBuildFile; fileRef = 340BDADB1A4DF27400E425FE /* AFHTTPRequestOperationManager.m */; };
		340BDB211A4E246500E425FE /* AFHTTPRequestOperation.m in Sources */ = {isa = PBXBuildFile; fileRef = 340BDAD91A4DF27400E425FE /* AFHTTPRequestOperation.m */; };
		340BDB221A4E246B00E425FE /* UIWebView+AFNetworking.m in Sources */ = {isa = PBXBuildFile; fileRef = 340BDB051A4DFD1000E425FE /* UIWebView+AFNetworking.m */; };
		340BDB231A4E247000E425FE /* UIRefreshControl+AFNetworking.m in Sources */ = {isa = PBXBuildFile; fileRef = 340BDB031A4DFD1000E425FE /* UIRefreshControl+AFNetworking.m */; };
		340BDB241A4E247700E425FE /* UIProgressView+AFNetworking.m in Sources */ = {isa = PBXBuildFile; fileRef = 340BDB011A4DFD1000E425FE /* UIProgressView+AFNetworking.m */; };
		340BDB251A4E247A00E425FE /* UIImageView+AFNetworking.m in Sources */ = {isa = PBXBuildFile; fileRef = 340BDAFE1A4DFD1000E425FE /* UIImageView+AFNetworking.m */; };
		340BDB261A4E247D00E425FE /* UIButton+AFNetworking.m in Sources */ = {isa = PBXBuildFile; fileRef = 340BDAFC1A4DFD1000E425FE /* UIButton+AFNetworking.m */; };
		340BDB271A4E247F00E425FE /* UIAlertView+AFNetworking.m in Sources */ = {isa = PBXBuildFile; fileRef = 340BDAFA1A4DFD1000E425FE /* UIAlertView+AFNetworking.m */; };
		340BDB281A4E248200E425FE /* UIActivityIndicatorView+AFNetworking.m in Sources */ = {isa = PBXBuildFile; fileRef = 340BDAF81A4DFD1000E425FE /* UIActivityIndicatorView+AFNetworking.m */; };
		340BDB291A4E248400E425FE /* AFNetworkActivityIndicatorManager.m in Sources */ = {isa = PBXBuildFile; fileRef = 340BDAF61A4DFD1000E425FE /* AFNetworkActivityIndicatorManager.m */; };
		340BDB2F1A4E48EC00E425FE /* JIRSession.m in Sources */ = {isa = PBXBuildFile; fileRef = 340BDB2C1A4E48EC00E425FE /* JIRSession.m */; };
		340BDB301A4E48EC00E425FE /* JIRSessionLoginInfo.m in Sources */ = {isa = PBXBuildFile; fileRef = 340BDB2E1A4E48EC00E425FE /* JIRSessionLoginInfo.m */; };
		340BDB351A4E498100E425FE /* JIRProject.m in Sources */ = {isa = PBXBuildFile; fileRef = 340BDB321A4E498100E425FE /* JIRProject.m */; };
		340BDB361A4E498100E425FE /* JIRProjectAvatarUrls.m in Sources */ = {isa = PBXBuildFile; fileRef = 340BDB341A4E498100E425FE /* JIRProjectAvatarUrls.m */; };
		341D42D91A50538F001896D6 /* LDTGenericTableDataProvider.m in Sources */ = {isa = PBXBuildFile; fileRef = 341D42D81A50538F001896D6 /* LDTGenericTableDataProvider.m */; };
		348102A41A4F4E9800033E36 /* JIRIssue.m in Sources */ = {isa = PBXBuildFile; fileRef = 348102851A4F4E9800033E36 /* JIRIssue.m */; };
		348102A51A4F4E9800033E36 /* JIRIssueFields.m in Sources */ = {isa = PBXBuildFile; fileRef = 348102871A4F4E9800033E36 /* JIRIssueFields.m */; };
		348102A61A4F4E9800033E36 /* JIRIssueFieldsAggregateprogress.m in Sources */ = {isa = PBXBuildFile; fileRef = 348102891A4F4E9800033E36 /* JIRIssueFieldsAggregateprogress.m */; };
		348102A71A4F4E9800033E36 /* JIRIssueFieldsAssignee.m in Sources */ = {isa = PBXBuildFile; fileRef = 3481028B1A4F4E9800033E36 /* JIRIssueFieldsAssignee.m */; };
		348102A81A4F4E9800033E36 /* JIRIssueFieldsAssigneeAvatarUrlsIssueFieldsProjectAvatarUrlsIssueFieldsReporterAvatarUrlsIssueFieldsCreatorAvatarUrls.m in Sources */ = {isa = PBXBuildFile; fileRef = 3481028D1A4F4E9800033E36 /* JIRIssueFieldsAssigneeAvatarUrlsIssueFieldsProjectAvatarUrlsIssueFieldsReporterAvatarUrlsIssueFieldsCreatorAvatarUrls.m */; };
		348102A91A4F4E9800033E36 /* JIRIssueFieldsCreator.m in Sources */ = {isa = PBXBuildFile; fileRef = 3481028F1A4F4E9800033E36 /* JIRIssueFieldsCreator.m */; };
		348102AA1A4F4E9800033E36 /* JIRIssueFieldsIssuetype.m in Sources */ = {isa = PBXBuildFile; fileRef = 348102911A4F4E9800033E36 /* JIRIssueFieldsIssuetype.m */; };
		348102AB1A4F4E9800033E36 /* JIRIssueFieldsPriority.m in Sources */ = {isa = PBXBuildFile; fileRef = 348102931A4F4E9800033E36 /* JIRIssueFieldsPriority.m */; };
		348102AC1A4F4E9800033E36 /* JIRIssueFieldsProgress.m in Sources */ = {isa = PBXBuildFile; fileRef = 348102951A4F4E9800033E36 /* JIRIssueFieldsProgress.m */; };
		348102AD1A4F4E9800033E36 /* JIRIssueFieldsProject.m in Sources */ = {isa = PBXBuildFile; fileRef = 348102971A4F4E9800033E36 /* JIRIssueFieldsProject.m */; };
		348102AE1A4F4E9800033E36 /* JIRIssueFieldsReporter.m in Sources */ = {isa = PBXBuildFile; fileRef = 348102991A4F4E9800033E36 /* JIRIssueFieldsReporter.m */; };
		348102AF1A4F4E9800033E36 /* JIRIssueFieldsStatus.m in Sources */ = {isa = PBXBuildFile; fileRef = 3481029B1A4F4E9800033E36 /* JIRIssueFieldsStatus.m */; };
		348102B01A4F4E9800033E36 /* JIRIssueFieldsStatusStatusCategory.m in Sources */ = {isa = PBXBuildFile; fileRef = 3481029D1A4F4E9800033E36 /* JIRIssueFieldsStatusStatusCategory.m */; };
		348102B11A4F4E9800033E36 /* JIRIssueFieldsVotes.m in Sources */ = {isa = PBXBuildFile; fileRef = 3481029F1A4F4E9800033E36 /* JIRIssueFieldsVotes.m */; };
		348102B21A4F4E9800033E36 /* JIRIssueFieldsWatches.m in Sources */ = {isa = PBXBuildFile; fileRef = 348102A11A4F4E9800033E36 /* JIRIssueFieldsWatches.m */; };
		348102B31A4F4E9800033E36 /* JIRIssues.m in Sources */ = {isa = PBXBuildFile; fileRef = 348102A31A4F4E9800033E36 /* JIRIssues.m */; };
		348102B71A4F5E3E00033E36 /* LDTProjectsViewController.m in Sources */ = {isa = PBXBuildFile; fileRef = 348102B61A4F5E3E00033E36 /* LDTProjectsViewController.m */; };
		348102BA1A4F5E5E00033E36 /* LDTIssuesViewController.m in Sources */ = {isa = PBXBuildFile; fileRef = 348102B91A4F5E5E00033E36 /* LDTIssuesViewController.m */; };
		348102BD1A4F5EB600033E36 /* LDTIssuesDataProvider.m in Sources */ = {isa = PBXBuildFile; fileRef = 348102BC1A4F5EB600033E36 /* LDTIssuesDataProvider.m */; };
		348102C01A4F5EC800033E36 /* LDTProjectsDataProvider.m in Sources */ = {isa = PBXBuildFile; fileRef = 348102BF1A4F5EC800033E36 /* LDTProjectsDataProvider.m */; };
/* End PBXBuildFile section */

/* Begin PBXContainerItemProxy section */
		340BDA901A4DEAB600E425FE /* PBXContainerItemProxy */ = {
			isa = PBXContainerItemProxy;
			containerPortal = 340BDA6E1A4DEAB600E425FE /* Project object */;
			proxyType = 1;
			remoteGlobalIDString = 340BDA751A4DEAB600E425FE;
			remoteInfo = JiraAuther;
		};
		340BDACE1A4DEEDD00E425FE /* PBXContainerItemProxy */ = {
			isa = PBXContainerItemProxy;
			containerPortal = 340BDAC51A4DEEDC00E425FE /* KIF.xcodeproj */;
			proxyType = 2;
			remoteGlobalIDString = EABD46AA1857A0C700A5F081;
			remoteInfo = KIF;
		};
		340BDAD01A4DEEDD00E425FE /* PBXContainerItemProxy */ = {
			isa = PBXContainerItemProxy;
			containerPortal = 340BDAC51A4DEEDC00E425FE /* KIF.xcodeproj */;
			proxyType = 2;
			remoteGlobalIDString = EB72047C1680DDAD00278DA2;
			remoteInfo = "KIF-OCUnit";
		};
		340BDAD21A4DEEDD00E425FE /* PBXContainerItemProxy */ = {
			isa = PBXContainerItemProxy;
			containerPortal = 340BDAC51A4DEEDC00E425FE /* KIF.xcodeproj */;
			proxyType = 2;
			remoteGlobalIDString = EB60ECC1177F8C83005A041A;
			remoteInfo = "Test Host";
		};
		340BDAD41A4DEEDD00E425FE /* PBXContainerItemProxy */ = {
			isa = PBXContainerItemProxy;
			containerPortal = 340BDAC51A4DEEDC00E425FE /* KIF.xcodeproj */;
			proxyType = 2;
			remoteGlobalIDString = EABD46CD1857A0F300A5F081;
			remoteInfo = "KIF Tests";
		};
		340BDAD61A4DEEDD00E425FE /* PBXContainerItemProxy */ = {
			isa = PBXContainerItemProxy;
			containerPortal = 340BDAC51A4DEEDC00E425FE /* KIF.xcodeproj */;
			proxyType = 2;
			remoteGlobalIDString = EB60ECEB177F8DB3005A041A;
			remoteInfo = "KIF Tests-OCUnit";
		};
/* End PBXContainerItemProxy section */

/* Begin PBXFileReference section */
		340BDA761A4DEAB600E425FE /* JiraAuther.app */ = {isa = PBXFileReference; explicitFileType = wrapper.application; includeInIndex = 0; path = JiraAuther.app; sourceTree = BUILT_PRODUCTS_DIR; };
		340BDA7A1A4DEAB600E425FE /* Info.plist */ = {isa = PBXFileReference; lastKnownFileType = text.plist.xml; path = Info.plist; sourceTree = "<group>"; };
		340BDA7B1A4DEAB600E425FE /* main.m */ = {isa = PBXFileReference; lastKnownFileType = sourcecode.c.objc; path = main.m; sourceTree = "<group>"; };
		340BDA7D1A4DEAB600E425FE /* AppDelegate.h */ = {isa = PBXFileReference; lastKnownFileType = sourcecode.c.h; path = AppDelegate.h; sourceTree = "<group>"; };
		340BDA7E1A4DEAB600E425FE /* AppDelegate.m */ = {isa = PBXFileReference; lastKnownFileType = sourcecode.c.objc; path = AppDelegate.m; sourceTree = "<group>"; };
		340BDA801A4DEAB600E425FE /* ViewController.h */ = {isa = PBXFileReference; lastKnownFileType = sourcecode.c.h; path = ViewController.h; sourceTree = "<group>"; };
		340BDA811A4DEAB600E425FE /* ViewController.m */ = {isa = PBXFileReference; lastKnownFileType = sourcecode.c.objc; path = ViewController.m; sourceTree = "<group>"; };
		340BDA841A4DEAB600E425FE /* Base */ = {isa = PBXFileReference; lastKnownFileType = file.storyboard; name = Base; path = Base.lproj/Main.storyboard; sourceTree = "<group>"; };
		340BDA861A4DEAB600E425FE /* Images.xcassets */ = {isa = PBXFileReference; lastKnownFileType = folder.assetcatalog; path = Images.xcassets; sourceTree = "<group>"; };
		340BDA891A4DEAB600E425FE /* Base */ = {isa = PBXFileReference; lastKnownFileType = file.xib; name = Base; path = Base.lproj/LaunchScreen.xib; sourceTree = "<group>"; };
		340BDA8F1A4DEAB600E425FE /* JiraAutherTests.xctest */ = {isa = PBXFileReference; explicitFileType = wrapper.cfbundle; includeInIndex = 0; path = JiraAutherTests.xctest; sourceTree = BUILT_PRODUCTS_DIR; };
		340BDA941A4DEAB600E425FE /* Info.plist */ = {isa = PBXFileReference; lastKnownFileType = text.plist.xml; path = Info.plist; sourceTree = "<group>"; };
		340BDA951A4DEAB600E425FE /* JiraAutherTests.m */ = {isa = PBXFileReference; lastKnownFileType = sourcecode.c.objc; path = JiraAutherTests.m; sourceTree = "<group>"; };
		340BDAA11A4DEAF600E425FE /* AFHTTPRequestSerializer+OAuth2.h */ = {isa = PBXFileReference; fileEncoding = 4; lastKnownFileType = sourcecode.c.h; name = "AFHTTPRequestSerializer+OAuth2.h"; path = "../Vendor/AFOAuth2Manager/AFOAuth2Manager/AFHTTPRequestSerializer+OAuth2.h"; sourceTree = "<group>"; };
		340BDAA21A4DEAF600E425FE /* AFHTTPRequestSerializer+OAuth2.m */ = {isa = PBXFileReference; fileEncoding = 4; lastKnownFileType = sourcecode.c.objc; name = "AFHTTPRequestSerializer+OAuth2.m"; path = "../Vendor/AFOAuth2Manager/AFOAuth2Manager/AFHTTPRequestSerializer+OAuth2.m"; sourceTree = "<group>"; };
		340BDAA31A4DEAF600E425FE /* AFOAuth2Manager.h */ = {isa = PBXFileReference; fileEncoding = 4; lastKnownFileType = sourcecode.c.h; name = AFOAuth2Manager.h; path = ../Vendor/AFOAuth2Manager/AFOAuth2Manager/AFOAuth2Manager.h; sourceTree = "<group>"; };
		340BDAA41A4DEAF600E425FE /* AFOAuth2Manager.m */ = {isa = PBXFileReference; fileEncoding = 4; lastKnownFileType = sourcecode.c.objc; name = AFOAuth2Manager.m; path = ../Vendor/AFOAuth2Manager/AFOAuth2Manager/AFOAuth2Manager.m; sourceTree = "<group>"; };
		340BDAC51A4DEEDC00E425FE /* KIF.xcodeproj */ = {isa = PBXFileReference; lastKnownFileType = "wrapper.pb-project"; name = KIF.xcodeproj; path = ../Vendor/KIF/KIF.xcodeproj; sourceTree = "<group>"; };
		340BDAD81A4DF27400E425FE /* AFHTTPRequestOperation.h */ = {isa = PBXFileReference; fileEncoding = 4; lastKnownFileType = sourcecode.c.h; name = AFHTTPRequestOperation.h; path = ../Vendor/AFNetworking/AFNetworking/AFHTTPRequestOperation.h; sourceTree = "<group>"; };
		340BDAD91A4DF27400E425FE /* AFHTTPRequestOperation.m */ = {isa = PBXFileReference; fileEncoding = 4; lastKnownFileType = sourcecode.c.objc; name = AFHTTPRequestOperation.m; path = ../Vendor/AFNetworking/AFNetworking/AFHTTPRequestOperation.m; sourceTree = "<group>"; };
		340BDADA1A4DF27400E425FE /* AFHTTPRequestOperationManager.h */ = {isa = PBXFileReference; fileEncoding = 4; lastKnownFileType = sourcecode.c.h; name = AFHTTPRequestOperationManager.h; path = ../Vendor/AFNetworking/AFNetworking/AFHTTPRequestOperationManager.h; sourceTree = "<group>"; };
		340BDADB1A4DF27400E425FE /* AFHTTPRequestOperationManager.m */ = {isa = PBXFileReference; fileEncoding = 4; lastKnownFileType = sourcecode.c.objc; name = AFHTTPRequestOperationManager.m; path = ../Vendor/AFNetworking/AFNetworking/AFHTTPRequestOperationManager.m; sourceTree = "<group>"; };
		340BDADC1A4DF27400E425FE /* AFHTTPSessionManager.h */ = {isa = PBXFileReference; fileEncoding = 4; lastKnownFileType = sourcecode.c.h; name = AFHTTPSessionManager.h; path = ../Vendor/AFNetworking/AFNetworking/AFHTTPSessionManager.h; sourceTree = "<group>"; };
		340BDADD1A4DF27400E425FE /* AFHTTPSessionManager.m */ = {isa = PBXFileReference; fileEncoding = 4; lastKnownFileType = sourcecode.c.objc; name = AFHTTPSessionManager.m; path = ../Vendor/AFNetworking/AFNetworking/AFHTTPSessionManager.m; sourceTree = "<group>"; };
		340BDADE1A4DF27400E425FE /* AFNetworking.h */ = {isa = PBXFileReference; fileEncoding = 4; lastKnownFileType = sourcecode.c.h; name = AFNetworking.h; path = ../Vendor/AFNetworking/AFNetworking/AFNetworking.h; sourceTree = "<group>"; };
		340BDADF1A4DF27400E425FE /* AFNetworkReachabilityManager.h */ = {isa = PBXFileReference; fileEncoding = 4; lastKnownFileType = sourcecode.c.h; name = AFNetworkReachabilityManager.h; path = ../Vendor/AFNetworking/AFNetworking/AFNetworkReachabilityManager.h; sourceTree = "<group>"; };
		340BDAE01A4DF27400E425FE /* AFNetworkReachabilityManager.m */ = {isa = PBXFileReference; fileEncoding = 4; lastKnownFileType = sourcecode.c.objc; name = AFNetworkReachabilityManager.m; path = ../Vendor/AFNetworking/AFNetworking/AFNetworkReachabilityManager.m; sourceTree = "<group>"; };
		340BDAE11A4DF27400E425FE /* AFSecurityPolicy.h */ = {isa = PBXFileReference; fileEncoding = 4; lastKnownFileType = sourcecode.c.h; name = AFSecurityPolicy.h; path = ../Vendor/AFNetworking/AFNetworking/AFSecurityPolicy.h; sourceTree = "<group>"; };
		340BDAE21A4DF27400E425FE /* AFSecurityPolicy.m */ = {isa = PBXFileReference; fileEncoding = 4; lastKnownFileType = sourcecode.c.objc; name = AFSecurityPolicy.m; path = ../Vendor/AFNetworking/AFNetworking/AFSecurityPolicy.m; sourceTree = "<group>"; };
		340BDAE31A4DF27400E425FE /* AFURLConnectionOperation.h */ = {isa = PBXFileReference; fileEncoding = 4; lastKnownFileType = sourcecode.c.h; name = AFURLConnectionOperation.h; path = ../Vendor/AFNetworking/AFNetworking/AFURLConnectionOperation.h; sourceTree = "<group>"; };
		340BDAE41A4DF27400E425FE /* AFURLConnectionOperation.m */ = {isa = PBXFileReference; fileEncoding = 4; lastKnownFileType = sourcecode.c.objc; name = AFURLConnectionOperation.m; path = ../Vendor/AFNetworking/AFNetworking/AFURLConnectionOperation.m; sourceTree = "<group>"; };
		340BDAE51A4DF27400E425FE /* AFURLRequestSerialization.h */ = {isa = PBXFileReference; fileEncoding = 4; lastKnownFileType = sourcecode.c.h; name = AFURLRequestSerialization.h; path = ../Vendor/AFNetworking/AFNetworking/AFURLRequestSerialization.h; sourceTree = "<group>"; };
		340BDAE61A4DF27400E425FE /* AFURLRequestSerialization.m */ = {isa = PBXFileReference; fileEncoding = 4; lastKnownFileType = sourcecode.c.objc; name = AFURLRequestSerialization.m; path = ../Vendor/AFNetworking/AFNetworking/AFURLRequestSerialization.m; sourceTree = "<group>"; };
		340BDAE71A4DF27400E425FE /* AFURLResponseSerialization.h */ = {isa = PBXFileReference; fileEncoding = 4; lastKnownFileType = sourcecode.c.h; name = AFURLResponseSerialization.h; path = ../Vendor/AFNetworking/AFNetworking/AFURLResponseSerialization.h; sourceTree = "<group>"; };
		340BDAE81A4DF27400E425FE /* AFURLResponseSerialization.m */ = {isa = PBXFileReference; fileEncoding = 4; lastKnownFileType = sourcecode.c.objc; name = AFURLResponseSerialization.m; path = ../Vendor/AFNetworking/AFNetworking/AFURLResponseSerialization.m; sourceTree = "<group>"; };
		340BDAE91A4DF27400E425FE /* AFURLSessionManager.h */ = {isa = PBXFileReference; fileEncoding = 4; lastKnownFileType = sourcecode.c.h; name = AFURLSessionManager.h; path = ../Vendor/AFNetworking/AFNetworking/AFURLSessionManager.h; sourceTree = "<group>"; };
		340BDAEA1A4DF27400E425FE /* AFURLSessionManager.m */ = {isa = PBXFileReference; fileEncoding = 4; lastKnownFileType = sourcecode.c.objc; name = AFURLSessionManager.m; path = ../Vendor/AFNetworking/AFNetworking/AFURLSessionManager.m; sourceTree = "<group>"; };
		340BDAF51A4DFD1000E425FE /* AFNetworkActivityIndicatorManager.h */ = {isa = PBXFileReference; fileEncoding = 4; lastKnownFileType = sourcecode.c.h; name = AFNetworkActivityIndicatorManager.h; path = "../Vendor/AFNetworking/UIKit+AFNetworking/AFNetworkActivityIndicatorManager.h"; sourceTree = "<group>"; };
		340BDAF61A4DFD1000E425FE /* AFNetworkActivityIndicatorManager.m */ = {isa = PBXFileReference; fileEncoding = 4; lastKnownFileType = sourcecode.c.objc; name = AFNetworkActivityIndicatorManager.m; path = "../Vendor/AFNetworking/UIKit+AFNetworking/AFNetworkActivityIndicatorManager.m"; sourceTree = "<group>"; };
		340BDAF71A4DFD1000E425FE /* UIActivityIndicatorView+AFNetworking.h */ = {isa = PBXFileReference; fileEncoding = 4; lastKnownFileType = sourcecode.c.h; name = "UIActivityIndicatorView+AFNetworking.h"; path = "../Vendor/AFNetworking/UIKit+AFNetworking/UIActivityIndicatorView+AFNetworking.h"; sourceTree = "<group>"; };
		340BDAF81A4DFD1000E425FE /* UIActivityIndicatorView+AFNetworking.m */ = {isa = PBXFileReference; fileEncoding = 4; lastKnownFileType = sourcecode.c.objc; name = "UIActivityIndicatorView+AFNetworking.m"; path = "../Vendor/AFNetworking/UIKit+AFNetworking/UIActivityIndicatorView+AFNetworking.m"; sourceTree = "<group>"; };
		340BDAF91A4DFD1000E425FE /* UIAlertView+AFNetworking.h */ = {isa = PBXFileReference; fileEncoding = 4; lastKnownFileType = sourcecode.c.h; name = "UIAlertView+AFNetworking.h"; path = "../Vendor/AFNetworking/UIKit+AFNetworking/UIAlertView+AFNetworking.h"; sourceTree = "<group>"; };
		340BDAFA1A4DFD1000E425FE /* UIAlertView+AFNetworking.m */ = {isa = PBXFileReference; fileEncoding = 4; lastKnownFileType = sourcecode.c.objc; name = "UIAlertView+AFNetworking.m"; path = "../Vendor/AFNetworking/UIKit+AFNetworking/UIAlertView+AFNetworking.m"; sourceTree = "<group>"; };
		340BDAFB1A4DFD1000E425FE /* UIButton+AFNetworking.h */ = {isa = PBXFileReference; fileEncoding = 4; lastKnownFileType = sourcecode.c.h; name = "UIButton+AFNetworking.h"; path = "../Vendor/AFNetworking/UIKit+AFNetworking/UIButton+AFNetworking.h"; sourceTree = "<group>"; };
		340BDAFC1A4DFD1000E425FE /* UIButton+AFNetworking.m */ = {isa = PBXFileReference; fileEncoding = 4; lastKnownFileType = sourcecode.c.objc; name = "UIButton+AFNetworking.m"; path = "../Vendor/AFNetworking/UIKit+AFNetworking/UIButton+AFNetworking.m"; sourceTree = "<group>"; };
		340BDAFD1A4DFD1000E425FE /* UIImageView+AFNetworking.h */ = {isa = PBXFileReference; fileEncoding = 4; lastKnownFileType = sourcecode.c.h; name = "UIImageView+AFNetworking.h"; path = "../Vendor/AFNetworking/UIKit+AFNetworking/UIImageView+AFNetworking.h"; sourceTree = "<group>"; };
		340BDAFE1A4DFD1000E425FE /* UIImageView+AFNetworking.m */ = {isa = PBXFileReference; fileEncoding = 4; lastKnownFileType = sourcecode.c.objc; name = "UIImageView+AFNetworking.m"; path = "../Vendor/AFNetworking/UIKit+AFNetworking/UIImageView+AFNetworking.m"; sourceTree = "<group>"; };
		340BDAFF1A4DFD1000E425FE /* UIKit+AFNetworking.h */ = {isa = PBXFileReference; fileEncoding = 4; lastKnownFileType = sourcecode.c.h; name = "UIKit+AFNetworking.h"; path = "../Vendor/AFNetworking/UIKit+AFNetworking/UIKit+AFNetworking.h"; sourceTree = "<group>"; };
		340BDB001A4DFD1000E425FE /* UIProgressView+AFNetworking.h */ = {isa = PBXFileReference; fileEncoding = 4; lastKnownFileType = sourcecode.c.h; name = "UIProgressView+AFNetworking.h"; path = "../Vendor/AFNetworking/UIKit+AFNetworking/UIProgressView+AFNetworking.h"; sourceTree = "<group>"; };
		340BDB011A4DFD1000E425FE /* UIProgressView+AFNetworking.m */ = {isa = PBXFileReference; fileEncoding = 4; lastKnownFileType = sourcecode.c.objc; name = "UIProgressView+AFNetworking.m"; path = "../Vendor/AFNetworking/UIKit+AFNetworking/UIProgressView+AFNetworking.m"; sourceTree = "<group>"; };
		340BDB021A4DFD1000E425FE /* UIRefreshControl+AFNetworking.h */ = {isa = PBXFileReference; fileEncoding = 4; lastKnownFileType = sourcecode.c.h; name = "UIRefreshControl+AFNetworking.h"; path = "../Vendor/AFNetworking/UIKit+AFNetworking/UIRefreshControl+AFNetworking.h"; sourceTree = "<group>"; };
		340BDB031A4DFD1000E425FE /* UIRefreshControl+AFNetworking.m */ = {isa = PBXFileReference; fileEncoding = 4; lastKnownFileType = sourcecode.c.objc; name = "UIRefreshControl+AFNetworking.m"; path = "../Vendor/AFNetworking/UIKit+AFNetworking/UIRefreshControl+AFNetworking.m"; sourceTree = "<group>"; };
		340BDB041A4DFD1000E425FE /* UIWebView+AFNetworking.h */ = {isa = PBXFileReference; fileEncoding = 4; lastKnownFileType = sourcecode.c.h; name = "UIWebView+AFNetworking.h"; path = "../Vendor/AFNetworking/UIKit+AFNetworking/UIWebView+AFNetworking.h"; sourceTree = "<group>"; };
		340BDB051A4DFD1000E425FE /* UIWebView+AFNetworking.m */ = {isa = PBXFileReference; fileEncoding = 4; lastKnownFileType = sourcecode.c.objc; name = "UIWebView+AFNetworking.m"; path = "../Vendor/AFNetworking/UIKit+AFNetworking/UIWebView+AFNetworking.m"; sourceTree = "<group>"; };
		340BDB101A4E219D00E425FE /* MobileCoreServices.framework */ = {isa = PBXFileReference; lastKnownFileType = wrapper.framework; name = MobileCoreServices.framework; path = System/Library/Frameworks/MobileCoreServices.framework; sourceTree = SDKROOT; };
		340BDB121A4E21B600E425FE /* QuartzCore.framework */ = {isa = PBXFileReference; lastKnownFileType = wrapper.framework; name = QuartzCore.framework; path = System/Library/Frameworks/QuartzCore.framework; sourceTree = SDKROOT; };
		340BDB151A4E240300E425FE /* Security.framework */ = {isa = PBXFileReference; lastKnownFileType = wrapper.framework; name = Security.framework; path = System/Library/Frameworks/Security.framework; sourceTree = SDKROOT; };
		340BDB2B1A4E48EC00E425FE /* JIRSession.h */ = {isa = PBXFileReference; fileEncoding = 4; lastKnownFileType = sourcecode.c.h; name = JIRSession.h; path = Classes/Models/JIRSession.h; sourceTree = "<group>"; };
		340BDB2C1A4E48EC00E425FE /* JIRSession.m */ = {isa = PBXFileReference; fileEncoding = 4; lastKnownFileType = sourcecode.c.objc; name = JIRSession.m; path = Classes/Models/JIRSession.m; sourceTree = "<group>"; };
		340BDB2D1A4E48EC00E425FE /* JIRSessionLoginInfo.h */ = {isa = PBXFileReference; fileEncoding = 4; lastKnownFileType = sourcecode.c.h; name = JIRSessionLoginInfo.h; path = Classes/Models/JIRSessionLoginInfo.h; sourceTree = "<group>"; };
		340BDB2E1A4E48EC00E425FE /* JIRSessionLoginInfo.m */ = {isa = PBXFileReference; fileEncoding = 4; lastKnownFileType = sourcecode.c.objc; name = JIRSessionLoginInfo.m; path = Classes/Models/JIRSessionLoginInfo.m; sourceTree = "<group>"; };
		340BDB311A4E498100E425FE /* JIRProject.h */ = {isa = PBXFileReference; fileEncoding = 4; lastKnownFileType = sourcecode.c.h; name = JIRProject.h; path = Classes/Models/JIRProject.h; sourceTree = "<group>"; };
		340BDB321A4E498100E425FE /* JIRProject.m */ = {isa = PBXFileReference; fileEncoding = 4; lastKnownFileType = sourcecode.c.objc; name = JIRProject.m; path = Classes/Models/JIRProject.m; sourceTree = "<group>"; };
		340BDB331A4E498100E425FE /* JIRProjectAvatarUrls.h */ = {isa = PBXFileReference; fileEncoding = 4; lastKnownFileType = sourcecode.c.h; name = JIRProjectAvatarUrls.h; path = Classes/Models/JIRProjectAvatarUrls.h; sourceTree = "<group>"; };
		340BDB341A4E498100E425FE /* JIRProjectAvatarUrls.m */ = {isa = PBXFileReference; fileEncoding = 4; lastKnownFileType = sourcecode.c.objc; name = JIRProjectAvatarUrls.m; path = Classes/Models/JIRProjectAvatarUrls.m; sourceTree = "<group>"; };
		340BDB371A4E49AB00E425FE /* JIRModels.h */ = {isa = PBXFileReference; lastKnownFileType = sourcecode.c.h; name = JIRModels.h; path = Classes/Models/JIRModels.h; sourceTree = "<group>"; };
		341D42D71A50538F001896D6 /* LDTGenericTableDataProvider.h */ = {isa = PBXFileReference; fileEncoding = 4; lastKnownFileType = sourcecode.c.h; name = LDTGenericTableDataProvider.h; path = Classes/Util/LDTGenericTableDataProvider.h; sourceTree = "<group>"; };
		341D42D81A50538F001896D6 /* LDTGenericTableDataProvider.m */ = {isa = PBXFileReference; fileEncoding = 4; lastKnownFileType = sourcecode.c.objc; name = LDTGenericTableDataProvider.m; path = Classes/Util/LDTGenericTableDataProvider.m; sourceTree = "<group>"; };
		348102841A4F4E9800033E36 /* JIRIssue.h */ = {isa = PBXFileReference; fileEncoding = 4; lastKnownFileType = sourcecode.c.h; name = JIRIssue.h; path = Classes/Models/JIRIssue.h; sourceTree = "<group>"; };
		348102851A4F4E9800033E36 /* JIRIssue.m */ = {isa = PBXFileReference; fileEncoding = 4; lastKnownFileType = sourcecode.c.objc; name = JIRIssue.m; path = Classes/Models/JIRIssue.m; sourceTree = "<group>"; };
		348102861A4F4E9800033E36 /* JIRIssueFields.h */ = {isa = PBXFileReference; fileEncoding = 4; lastKnownFileType = sourcecode.c.h; name = JIRIssueFields.h; path = Classes/Models/JIRIssueFields.h; sourceTree = "<group>"; };
		348102871A4F4E9800033E36 /* JIRIssueFields.m */ = {isa = PBXFileReference; fileEncoding = 4; lastKnownFileType = sourcecode.c.objc; name = JIRIssueFields.m; path = Classes/Models/JIRIssueFields.m; sourceTree = "<group>"; };
		348102881A4F4E9800033E36 /* JIRIssueFieldsAggregateprogress.h */ = {isa = PBXFileReference; fileEncoding = 4; lastKnownFileType = sourcecode.c.h; name = JIRIssueFieldsAggregateprogress.h; path = Classes/Models/JIRIssueFieldsAggregateprogress.h; sourceTree = "<group>"; };
		348102891A4F4E9800033E36 /* JIRIssueFieldsAggregateprogress.m */ = {isa = PBXFileReference; fileEncoding = 4; lastKnownFileType = sourcecode.c.objc; name = JIRIssueFieldsAggregateprogress.m; path = Classes/Models/JIRIssueFieldsAggregateprogress.m; sourceTree = "<group>"; };
		3481028A1A4F4E9800033E36 /* JIRIssueFieldsAssignee.h */ = {isa = PBXFileReference; fileEncoding = 4; lastKnownFileType = sourcecode.c.h; name = JIRIssueFieldsAssignee.h; path = Classes/Models/JIRIssueFieldsAssignee.h; sourceTree = "<group>"; };
		3481028B1A4F4E9800033E36 /* JIRIssueFieldsAssignee.m */ = {isa = PBXFileReference; fileEncoding = 4; lastKnownFileType = sourcecode.c.objc; name = JIRIssueFieldsAssignee.m; path = Classes/Models/JIRIssueFieldsAssignee.m; sourceTree = "<group>"; };
		3481028C1A4F4E9800033E36 /* JIRIssueFieldsAssigneeAvatarUrlsIssueFieldsProjectAvatarUrlsIssueFieldsReporterAvatarUrlsIssueFieldsCreatorAvatarUrls.h */ = {isa = PBXFileReference; fileEncoding = 4; lastKnownFileType = sourcecode.c.h; name = JIRIssueFieldsAssigneeAvatarUrlsIssueFieldsProjectAvatarUrlsIssueFieldsReporterAvatarUrlsIssueFieldsCreatorAvatarUrls.h; path = Classes/Models/JIRIssueFieldsAssigneeAvatarUrlsIssueFieldsProjectAvatarUrlsIssueFieldsReporterAvatarUrlsIssueFieldsCreatorAvatarUrls.h; sourceTree = "<group>"; };
		3481028D1A4F4E9800033E36 /* JIRIssueFieldsAssigneeAvatarUrlsIssueFieldsProjectAvatarUrlsIssueFieldsReporterAvatarUrlsIssueFieldsCreatorAvatarUrls.m */ = {isa = PBXFileReference; fileEncoding = 4; lastKnownFileType = sourcecode.c.objc; name = JIRIssueFieldsAssigneeAvatarUrlsIssueFieldsProjectAvatarUrlsIssueFieldsReporterAvatarUrlsIssueFieldsCreatorAvatarUrls.m; path = Classes/Models/JIRIssueFieldsAssigneeAvatarUrlsIssueFieldsProjectAvatarUrlsIssueFieldsReporterAvatarUrlsIssueFieldsCreatorAvatarUrls.m; sourceTree = "<group>"; };
		3481028E1A4F4E9800033E36 /* JIRIssueFieldsCreator.h */ = {isa = PBXFileReference; fileEncoding = 4; lastKnownFileType = sourcecode.c.h; name = JIRIssueFieldsCreator.h; path = Classes/Models/JIRIssueFieldsCreator.h; sourceTree = "<group>"; };
		3481028F1A4F4E9800033E36 /* JIRIssueFieldsCreator.m */ = {isa = PBXFileReference; fileEncoding = 4; lastKnownFileType = sourcecode.c.objc; name = JIRIssueFieldsCreator.m; path = Classes/Models/JIRIssueFieldsCreator.m; sourceTree = "<group>"; };
		348102901A4F4E9800033E36 /* JIRIssueFieldsIssuetype.h */ = {isa = PBXFileReference; fileEncoding = 4; lastKnownFileType = sourcecode.c.h; name = JIRIssueFieldsIssuetype.h; path = Classes/Models/JIRIssueFieldsIssuetype.h; sourceTree = "<group>"; };
		348102911A4F4E9800033E36 /* JIRIssueFieldsIssuetype.m */ = {isa = PBXFileReference; fileEncoding = 4; lastKnownFileType = sourcecode.c.objc; name = JIRIssueFieldsIssuetype.m; path = Classes/Models/JIRIssueFieldsIssuetype.m; sourceTree = "<group>"; };
		348102921A4F4E9800033E36 /* JIRIssueFieldsPriority.h */ = {isa = PBXFileReference; fileEncoding = 4; lastKnownFileType = sourcecode.c.h; name = JIRIssueFieldsPriority.h; path = Classes/Models/JIRIssueFieldsPriority.h; sourceTree = "<group>"; };
		348102931A4F4E9800033E36 /* JIRIssueFieldsPriority.m */ = {isa = PBXFileReference; fileEncoding = 4; lastKnownFileType = sourcecode.c.objc; name = JIRIssueFieldsPriority.m; path = Classes/Models/JIRIssueFieldsPriority.m; sourceTree = "<group>"; };
		348102941A4F4E9800033E36 /* JIRIssueFieldsProgress.h */ = {isa = PBXFileReference; fileEncoding = 4; lastKnownFileType = sourcecode.c.h; name = JIRIssueFieldsProgress.h; path = Classes/Models/JIRIssueFieldsProgress.h; sourceTree = "<group>"; };
		348102951A4F4E9800033E36 /* JIRIssueFieldsProgress.m */ = {isa = PBXFileReference; fileEncoding = 4; lastKnownFileType = sourcecode.c.objc; name = JIRIssueFieldsProgress.m; path = Classes/Models/JIRIssueFieldsProgress.m; sourceTree = "<group>"; };
		348102961A4F4E9800033E36 /* JIRIssueFieldsProject.h */ = {isa = PBXFileReference; fileEncoding = 4; lastKnownFileType = sourcecode.c.h; name = JIRIssueFieldsProject.h; path = Classes/Models/JIRIssueFieldsProject.h; sourceTree = "<group>"; };
		348102971A4F4E9800033E36 /* JIRIssueFieldsProject.m */ = {isa = PBXFileReference; fileEncoding = 4; lastKnownFileType = sourcecode.c.objc; name = JIRIssueFieldsProject.m; path = Classes/Models/JIRIssueFieldsProject.m; sourceTree = "<group>"; };
		348102981A4F4E9800033E36 /* JIRIssueFieldsReporter.h */ = {isa = PBXFileReference; fileEncoding = 4; lastKnownFileType = sourcecode.c.h; name = JIRIssueFieldsReporter.h; path = Classes/Models/JIRIssueFieldsReporter.h; sourceTree = "<group>"; };
		348102991A4F4E9800033E36 /* JIRIssueFieldsReporter.m */ = {isa = PBXFileReference; fileEncoding = 4; lastKnownFileType = sourcecode.c.objc; name = JIRIssueFieldsReporter.m; path = Classes/Models/JIRIssueFieldsReporter.m; sourceTree = "<group>"; };
		3481029A1A4F4E9800033E36 /* JIRIssueFieldsStatus.h */ = {isa = PBXFileReference; fileEncoding = 4; lastKnownFileType = sourcecode.c.h; name = JIRIssueFieldsStatus.h; path = Classes/Models/JIRIssueFieldsStatus.h; sourceTree = "<group>"; };
		3481029B1A4F4E9800033E36 /* JIRIssueFieldsStatus.m */ = {isa = PBXFileReference; fileEncoding = 4; lastKnownFileType = sourcecode.c.objc; name = JIRIssueFieldsStatus.m; path = Classes/Models/JIRIssueFieldsStatus.m; sourceTree = "<group>"; };
		3481029C1A4F4E9800033E36 /* JIRIssueFieldsStatusStatusCategory.h */ = {isa = PBXFileReference; fileEncoding = 4; lastKnownFileType = sourcecode.c.h; name = JIRIssueFieldsStatusStatusCategory.h; path = Classes/Models/JIRIssueFieldsStatusStatusCategory.h; sourceTree = "<group>"; };
		3481029D1A4F4E9800033E36 /* JIRIssueFieldsStatusStatusCategory.m */ = {isa = PBXFileReference; fileEncoding = 4; lastKnownFileType = sourcecode.c.objc; name = JIRIssueFieldsStatusStatusCategory.m; path = Classes/Models/JIRIssueFieldsStatusStatusCategory.m; sourceTree = "<group>"; };
		3481029E1A4F4E9800033E36 /* JIRIssueFieldsVotes.h */ = {isa = PBXFileReference; fileEncoding = 4; lastKnownFileType = sourcecode.c.h; name = JIRIssueFieldsVotes.h; path = Classes/Models/JIRIssueFieldsVotes.h; sourceTree = "<group>"; };
		3481029F1A4F4E9800033E36 /* JIRIssueFieldsVotes.m */ = {isa = PBXFileReference; fileEncoding = 4; lastKnownFileType = sourcecode.c.objc; name = JIRIssueFieldsVotes.m; path = Classes/Models/JIRIssueFieldsVotes.m; sourceTree = "<group>"; };
		348102A01A4F4E9800033E36 /* JIRIssueFieldsWatches.h */ = {isa = PBXFileReference; fileEncoding = 4; lastKnownFileType = sourcecode.c.h; name = JIRIssueFieldsWatches.h; path = Classes/Models/JIRIssueFieldsWatches.h; sourceTree = "<group>"; };
		348102A11A4F4E9800033E36 /* JIRIssueFieldsWatches.m */ = {isa = PBXFileReference; fileEncoding = 4; lastKnownFileType = sourcecode.c.objc; name = JIRIssueFieldsWatches.m; path = Classes/Models/JIRIssueFieldsWatches.m; sourceTree = "<group>"; };
		348102A21A4F4E9800033E36 /* JIRIssues.h */ = {isa = PBXFileReference; fileEncoding = 4; lastKnownFileType = sourcecode.c.h; name = JIRIssues.h; path = Classes/Models/JIRIssues.h; sourceTree = "<group>"; };
		348102A31A4F4E9800033E36 /* JIRIssues.m */ = {isa = PBXFileReference; fileEncoding = 4; lastKnownFileType = sourcecode.c.objc; name = JIRIssues.m; path = Classes/Models/JIRIssues.m; sourceTree = "<group>"; };
		348102B51A4F5E3E00033E36 /* LDTProjectsViewController.h */ = {isa = PBXFileReference; fileEncoding = 4; lastKnownFileType = sourcecode.c.h; name = LDTProjectsViewController.h; path = Classes/Controllers/LDTProjectsViewController.h; sourceTree = "<group>"; };
		348102B61A4F5E3E00033E36 /* LDTProjectsViewController.m */ = {isa = PBXFileReference; fileEncoding = 4; lastKnownFileType = sourcecode.c.objc; name = LDTProjectsViewController.m; path = Classes/Controllers/LDTProjectsViewController.m; sourceTree = "<group>"; };
		348102B81A4F5E5E00033E36 /* LDTIssuesViewController.h */ = {isa = PBXFileReference; fileEncoding = 4; lastKnownFileType = sourcecode.c.h; name = LDTIssuesViewController.h; path = Classes/Controllers/LDTIssuesViewController.h; sourceTree = "<group>"; };
		348102B91A4F5E5E00033E36 /* LDTIssuesViewController.m */ = {isa = PBXFileReference; fileEncoding = 4; lastKnownFileType = sourcecode.c.objc; name = LDTIssuesViewController.m; path = Classes/Controllers/LDTIssuesViewController.m; sourceTree = "<group>"; };
		348102BB1A4F5EB600033E36 /* LDTIssuesDataProvider.h */ = {isa = PBXFileReference; fileEncoding = 4; lastKnownFileType = sourcecode.c.h; name = LDTIssuesDataProvider.h; path = Classes/Controllers/LDTIssuesDataProvider.h; sourceTree = "<group>"; };
		348102BC1A4F5EB600033E36 /* LDTIssuesDataProvider.m */ = {isa = PBXFileReference; fileEncoding = 4; lastKnownFileType = sourcecode.c.objc; name = LDTIssuesDataProvider.m; path = Classes/Controllers/LDTIssuesDataProvider.m; sourceTree = "<group>"; };
		348102BE1A4F5EC800033E36 /* LDTProjectsDataProvider.h */ = {isa = PBXFileReference; fileEncoding = 4; lastKnownFileType = sourcecode.c.h; name = LDTProjectsDataProvider.h; path = Classes/Controllers/LDTProjectsDataProvider.h; sourceTree = "<group>"; };
		348102BF1A4F5EC800033E36 /* LDTProjectsDataProvider.m */ = {isa = PBXFileReference; fileEncoding = 4; lastKnownFileType = sourcecode.c.objc; name = LDTProjectsDataProvider.m; path = Classes/Controllers/LDTProjectsDataProvider.m; sourceTree = "<group>"; };
/* End PBXFileReference section */

/* Begin PBXFrameworksBuildPhase section */
		340BDA731A4DEAB600E425FE /* Frameworks */ = {
			isa = PBXFrameworksBuildPhase;
			buildActionMask = 2147483647;
			files = (
				340BDB161A4E240300E425FE /* Security.framework in Frameworks */,
				340BDB131A4E21B600E425FE /* QuartzCore.framework in Frameworks */,
				340BDB111A4E219D00E425FE /* MobileCoreServices.framework in Frameworks */,
			);
			runOnlyForDeploymentPostprocessing = 0;
		};
		340BDA8C1A4DEAB600E425FE /* Frameworks */ = {
			isa = PBXFrameworksBuildPhase;
			buildActionMask = 2147483647;
			files = (
			);
			runOnlyForDeploymentPostprocessing = 0;
		};
/* End PBXFrameworksBuildPhase section */

/* Begin PBXGroup section */
		340BDA6D1A4DEAB600E425FE = {
			isa = PBXGroup;
			children = (
				340BDA781A4DEAB600E425FE /* JiraAuther */,
				340BDB141A4E21C400E425FE /* Frameworks */,
				340BDA9F1A4DEABF00E425FE /* Vendor */,
				340BDA921A4DEAB600E425FE /* JiraAutherTests */,
				340BDA771A4DEAB600E425FE /* Products */,
			);
			sourceTree = "<group>";
		};
		340BDA771A4DEAB600E425FE /* Products */ = {
			isa = PBXGroup;
			children = (
				340BDA761A4DEAB600E425FE /* JiraAuther.app */,
				340BDA8F1A4DEAB600E425FE /* JiraAutherTests.xctest */,
			);
			name = Products;
			sourceTree = "<group>";
		};
		340BDA781A4DEAB600E425FE /* JiraAuther */ = {
			isa = PBXGroup;
			children = (
				348102B41A4F5E1900033E36 /* ViewControllers */,
				340BDB2A1A4E48DC00E425FE /* Models */,
				340BDA7D1A4DEAB600E425FE /* AppDelegate.h */,
				340BDA7E1A4DEAB600E425FE /* AppDelegate.m */,
				340BDA831A4DEAB600E425FE /* Main.storyboard */,
				340BDA861A4DEAB600E425FE /* Images.xcassets */,
				340BDA881A4DEAB600E425FE /* LaunchScreen.xib */,
				340BDA791A4DEAB600E425FE /* Supporting Files */,
			);
			path = JiraAuther;
			sourceTree = "<group>";
		};
		340BDA791A4DEAB600E425FE /* Supporting Files */ = {
			isa = PBXGroup;
			children = (
				340BDA7A1A4DEAB600E425FE /* Info.plist */,
				340BDA7B1A4DEAB600E425FE /* main.m */,
			);
			name = "Supporting Files";
			sourceTree = "<group>";
		};
		340BDA921A4DEAB600E425FE /* JiraAutherTests */ = {
			isa = PBXGroup;
			children = (
				340BDA951A4DEAB600E425FE /* JiraAutherTests.m */,
				340BDA931A4DEAB600E425FE /* Supporting Files */,
			);
			path = JiraAutherTests;
			sourceTree = "<group>";
		};
		340BDA931A4DEAB600E425FE /* Supporting Files */ = {
			isa = PBXGroup;
			children = (
				340BDA941A4DEAB600E425FE /* Info.plist */,
			);
			name = "Supporting Files";
			sourceTree = "<group>";
		};
		340BDA9F1A4DEABF00E425FE /* Vendor */ = {
			isa = PBXGroup;
			children = (
				340BDAC41A4DEEC900E425FE /* KIF */,
				340BDAA71A4DEE6A00E425FE /* AFNetworking */,
				340BDAA01A4DEAC900E425FE /* AFNetworkingOAuth */,
			);
			name = Vendor;
			sourceTree = "<group>";
		};
		340BDAA01A4DEAC900E425FE /* AFNetworkingOAuth */ = {
			isa = PBXGroup;
			children = (
				340BDAA11A4DEAF600E425FE /* AFHTTPRequestSerializer+OAuth2.h */,
				340BDAA21A4DEAF600E425FE /* AFHTTPRequestSerializer+OAuth2.m */,
				340BDAA31A4DEAF600E425FE /* AFOAuth2Manager.h */,
				340BDAA41A4DEAF600E425FE /* AFOAuth2Manager.m */,
			);
			name = AFNetworkingOAuth;
			sourceTree = "<group>";
		};
		340BDAA71A4DEE6A00E425FE /* AFNetworking */ = {
			isa = PBXGroup;
			children = (
				340BDAF41A4DFD0400E425FE /* AFNetworking+UIKit */,
				340BDAD81A4DF27400E425FE /* AFHTTPRequestOperation.h */,
				340BDAD91A4DF27400E425FE /* AFHTTPRequestOperation.m */,
				340BDADA1A4DF27400E425FE /* AFHTTPRequestOperationManager.h */,
				340BDADB1A4DF27400E425FE /* AFHTTPRequestOperationManager.m */,
				340BDADC1A4DF27400E425FE /* AFHTTPSessionManager.h */,
				340BDADD1A4DF27400E425FE /* AFHTTPSessionManager.m */,
				340BDADE1A4DF27400E425FE /* AFNetworking.h */,
				340BDADF1A4DF27400E425FE /* AFNetworkReachabilityManager.h */,
				340BDAE01A4DF27400E425FE /* AFNetworkReachabilityManager.m */,
				340BDAE11A4DF27400E425FE /* AFSecurityPolicy.h */,
				340BDAE21A4DF27400E425FE /* AFSecurityPolicy.m */,
				340BDAE31A4DF27400E425FE /* AFURLConnectionOperation.h */,
				340BDAE41A4DF27400E425FE /* AFURLConnectionOperation.m */,
				340BDAE51A4DF27400E425FE /* AFURLRequestSerialization.h */,
				340BDAE61A4DF27400E425FE /* AFURLRequestSerialization.m */,
				340BDAE71A4DF27400E425FE /* AFURLResponseSerialization.h */,
				340BDAE81A4DF27400E425FE /* AFURLResponseSerialization.m */,
				340BDAE91A4DF27400E425FE /* AFURLSessionManager.h */,
				340BDAEA1A4DF27400E425FE /* AFURLSessionManager.m */,
			);
			name = AFNetworking;
			sourceTree = "<group>";
		};
		340BDAC41A4DEEC900E425FE /* KIF */ = {
			isa = PBXGroup;
			children = (
				340BDAC51A4DEEDC00E425FE /* KIF.xcodeproj */,
			);
			name = KIF;
			sourceTree = "<group>";
		};
		340BDAC61A4DEEDC00E425FE /* Products */ = {
			isa = PBXGroup;
			children = (
				340BDACF1A4DEEDD00E425FE /* libKIF.a */,
				340BDAD11A4DEEDD00E425FE /* libKIF-OCUnit.a */,
				340BDAD31A4DEEDD00E425FE /* Test Host.app */,
				340BDAD51A4DEEDD00E425FE /* KIF Tests - XCTest.xctest */,
				340BDAD71A4DEEDD00E425FE /* KIF Tests-OCUnit.octest */,
			);
			name = Products;
			sourceTree = "<group>";
		};
		340BDAF41A4DFD0400E425FE /* AFNetworking+UIKit */ = {
			isa = PBXGroup;
			children = (
				340BDAF51A4DFD1000E425FE /* AFNetworkActivityIndicatorManager.h */,
				340BDAF61A4DFD1000E425FE /* AFNetworkActivityIndicatorManager.m */,
				340BDAF71A4DFD1000E425FE /* UIActivityIndicatorView+AFNetworking.h */,
				340BDAF81A4DFD1000E425FE /* UIActivityIndicatorView+AFNetworking.m */,
				340BDAF91A4DFD1000E425FE /* UIAlertView+AFNetworking.h */,
				340BDAFA1A4DFD1000E425FE /* UIAlertView+AFNetworking.m */,
				340BDAFB1A4DFD1000E425FE /* UIButton+AFNetworking.h */,
				340BDAFC1A4DFD1000E425FE /* UIButton+AFNetworking.m */,
				340BDAFD1A4DFD1000E425FE /* UIImageView+AFNetworking.h */,
				340BDAFE1A4DFD1000E425FE /* UIImageView+AFNetworking.m */,
				340BDAFF1A4DFD1000E425FE /* UIKit+AFNetworking.h */,
				340BDB001A4DFD1000E425FE /* UIProgressView+AFNetworking.h */,
				340BDB011A4DFD1000E425FE /* UIProgressView+AFNetworking.m */,
				340BDB021A4DFD1000E425FE /* UIRefreshControl+AFNetworking.h */,
				340BDB031A4DFD1000E425FE /* UIRefreshControl+AFNetworking.m */,
				340BDB041A4DFD1000E425FE /* UIWebView+AFNetworking.h */,
				340BDB051A4DFD1000E425FE /* UIWebView+AFNetworking.m */,
			);
			name = "AFNetworking+UIKit";
			sourceTree = "<group>";
		};
		340BDB141A4E21C400E425FE /* Frameworks */ = {
			isa = PBXGroup;
			children = (
				340BDB151A4E240300E425FE /* Security.framework */,
				340BDB121A4E21B600E425FE /* QuartzCore.framework */,
				340BDB101A4E219D00E425FE /* MobileCoreServices.framework */,
			);
			name = Frameworks;
			sourceTree = "<group>";
		};
		340BDB2A1A4E48DC00E425FE /* Models */ = {
			isa = PBXGroup;
			children = (
				340BDB371A4E49AB00E425FE /* JIRModels.h */,
				340BDB311A4E498100E425FE /* JIRProject.h */,
				340BDB321A4E498100E425FE /* JIRProject.m */,
				340BDB331A4E498100E425FE /* JIRProjectAvatarUrls.h */,
				340BDB341A4E498100E425FE /* JIRProjectAvatarUrls.m */,
				340BDB2B1A4E48EC00E425FE /* JIRSession.h */,
				340BDB2C1A4E48EC00E425FE /* JIRSession.m */,
				340BDB2D1A4E48EC00E425FE /* JIRSessionLoginInfo.h */,
				340BDB2E1A4E48EC00E425FE /* JIRSessionLoginInfo.m */,
				348102841A4F4E9800033E36 /* JIRIssue.h */,
				348102851A4F4E9800033E36 /* JIRIssue.m */,
				348102861A4F4E9800033E36 /* JIRIssueFields.h */,
				348102871A4F4E9800033E36 /* JIRIssueFields.m */,
				348102881A4F4E9800033E36 /* JIRIssueFieldsAggregateprogress.h */,
				348102891A4F4E9800033E36 /* JIRIssueFieldsAggregateprogress.m */,
				3481028A1A4F4E9800033E36 /* JIRIssueFieldsAssignee.h */,
				3481028B1A4F4E9800033E36 /* JIRIssueFieldsAssignee.m */,
				3481028C1A4F4E9800033E36 /* JIRIssueFieldsAssigneeAvatarUrlsIssueFieldsProjectAvatarUrlsIssueFieldsReporterAvatarUrlsIssueFieldsCreatorAvatarUrls.h */,
				3481028D1A4F4E9800033E36 /* JIRIssueFieldsAssigneeAvatarUrlsIssueFieldsProjectAvatarUrlsIssueFieldsReporterAvatarUrlsIssueFieldsCreatorAvatarUrls.m */,
				3481028E1A4F4E9800033E36 /* JIRIssueFieldsCreator.h */,
				3481028F1A4F4E9800033E36 /* JIRIssueFieldsCreator.m */,
				348102901A4F4E9800033E36 /* JIRIssueFieldsIssuetype.h */,
				348102911A4F4E9800033E36 /* JIRIssueFieldsIssuetype.m */,
				348102921A4F4E9800033E36 /* JIRIssueFieldsPriority.h */,
				348102931A4F4E9800033E36 /* JIRIssueFieldsPriority.m */,
				348102941A4F4E9800033E36 /* JIRIssueFieldsProgress.h */,
				348102951A4F4E9800033E36 /* JIRIssueFieldsProgress.m */,
				348102961A4F4E9800033E36 /* JIRIssueFieldsProject.h */,
				348102971A4F4E9800033E36 /* JIRIssueFieldsProject.m */,
				348102981A4F4E9800033E36 /* JIRIssueFieldsReporter.h */,
				348102991A4F4E9800033E36 /* JIRIssueFieldsReporter.m */,
				3481029A1A4F4E9800033E36 /* JIRIssueFieldsStatus.h */,
				3481029B1A4F4E9800033E36 /* JIRIssueFieldsStatus.m */,
				3481029C1A4F4E9800033E36 /* JIRIssueFieldsStatusStatusCategory.h */,
				3481029D1A4F4E9800033E36 /* JIRIssueFieldsStatusStatusCategory.m */,
				3481029E1A4F4E9800033E36 /* JIRIssueFieldsVotes.h */,
				3481029F1A4F4E9800033E36 /* JIRIssueFieldsVotes.m */,
				348102A01A4F4E9800033E36 /* JIRIssueFieldsWatches.h */,
				348102A11A4F4E9800033E36 /* JIRIssueFieldsWatches.m */,
				348102A21A4F4E9800033E36 /* JIRIssues.h */,
				348102A31A4F4E9800033E36 /* JIRIssues.m */,
			);
			name = Models;
			sourceTree = "<group>";
		};
		348102B41A4F5E1900033E36 /* ViewControllers */ = {
			isa = PBXGroup;
			children = (
				340BDA801A4DEAB600E425FE /* ViewController.h */,
				340BDA811A4DEAB600E425FE /* ViewController.m */,
				348102B51A4F5E3E00033E36 /* LDTProjectsViewController.h */,
				348102B61A4F5E3E00033E36 /* LDTProjectsViewController.m */,
				348102B81A4F5E5E00033E36 /* LDTIssuesViewController.h */,
				348102B91A4F5E5E00033E36 /* LDTIssuesViewController.m */,
				348102BB1A4F5EB600033E36 /* LDTIssuesDataProvider.h */,
				348102BC1A4F5EB600033E36 /* LDTIssuesDataProvider.m */,
				348102BE1A4F5EC800033E36 /* LDTProjectsDataProvider.h */,
				348102BF1A4F5EC800033E36 /* LDTProjectsDataProvider.m */,
				341D42D71A50538F001896D6 /* LDTGenericTableDataProvider.h */,
				341D42D81A50538F001896D6 /* LDTGenericTableDataProvider.m */,
			);
			name = ViewControllers;
			sourceTree = "<group>";
		};
/* End PBXGroup section */

/* Begin PBXNativeTarget section */
		340BDA751A4DEAB600E425FE /* JiraAuther */ = {
			isa = PBXNativeTarget;
			buildConfigurationList = 340BDA991A4DEAB600E425FE /* Build configuration list for PBXNativeTarget "JiraAuther" */;
			buildPhases = (
				340BDA721A4DEAB600E425FE /* Sources */,
				340BDA731A4DEAB600E425FE /* Frameworks */,
				340BDA741A4DEAB600E425FE /* Resources */,
			);
			buildRules = (
			);
			dependencies = (
			);
			name = JiraAuther;
			productName = JiraAuther;
			productReference = 340BDA761A4DEAB600E425FE /* JiraAuther.app */;
			productType = "com.apple.product-type.application";
		};
		340BDA8E1A4DEAB600E425FE /* JiraAutherTests */ = {
			isa = PBXNativeTarget;
			buildConfigurationList = 340BDA9C1A4DEAB600E425FE /* Build configuration list for PBXNativeTarget "JiraAutherTests" */;
			buildPhases = (
				340BDA8B1A4DEAB600E425FE /* Sources */,
				340BDA8C1A4DEAB600E425FE /* Frameworks */,
				340BDA8D1A4DEAB600E425FE /* Resources */,
			);
			buildRules = (
			);
			dependencies = (
				340BDA911A4DEAB600E425FE /* PBXTargetDependency */,
			);
			name = JiraAutherTests;
			productName = JiraAutherTests;
			productReference = 340BDA8F1A4DEAB600E425FE /* JiraAutherTests.xctest */;
			productType = "com.apple.product-type.bundle.unit-test";
		};
/* End PBXNativeTarget section */

/* Begin PBXProject section */
		340BDA6E1A4DEAB600E425FE /* Project object */ = {
			isa = PBXProject;
			attributes = {
				CLASSPREFIX = LDT;
				LastUpgradeCheck = 0610;
				ORGANIZATIONNAME = "Lottadot LLC";
				TargetAttributes = {
					340BDA751A4DEAB600E425FE = {
						CreatedOnToolsVersion = 6.1.1;
					};
					340BDA8E1A4DEAB600E425FE = {
						CreatedOnToolsVersion = 6.1.1;
						TestTargetID = 340BDA751A4DEAB600E425FE;
					};
				};
			};
			buildConfigurationList = 340BDA711A4DEAB600E425FE /* Build configuration list for PBXProject "JiraAuther" */;
			compatibilityVersion = "Xcode 3.2";
			developmentRegion = English;
			hasScannedForEncodings = 0;
			knownRegions = (
				en,
				Base,
			);
			mainGroup = 340BDA6D1A4DEAB600E425FE;
			productRefGroup = 340BDA771A4DEAB600E425FE /* Products */;
			projectDirPath = "";
			projectReferences = (
				{
					ProductGroup = 340BDAC61A4DEEDC00E425FE /* Products */;
					ProjectRef = 340BDAC51A4DEEDC00E425FE /* KIF.xcodeproj */;
				},
			);
			projectRoot = "";
			targets = (
				340BDA751A4DEAB600E425FE /* JiraAuther */,
				340BDA8E1A4DEAB600E425FE /* JiraAutherTests */,
			);
		};
/* End PBXProject section */

/* Begin PBXReferenceProxy section */
		340BDACF1A4DEEDD00E425FE /* libKIF.a */ = {
			isa = PBXReferenceProxy;
			fileType = archive.ar;
			path = libKIF.a;
			remoteRef = 340BDACE1A4DEEDD00E425FE /* PBXContainerItemProxy */;
			sourceTree = BUILT_PRODUCTS_DIR;
		};
		340BDAD11A4DEEDD00E425FE /* libKIF-OCUnit.a */ = {
			isa = PBXReferenceProxy;
			fileType = archive.ar;
			path = "libKIF-OCUnit.a";
			remoteRef = 340BDAD01A4DEEDD00E425FE /* PBXContainerItemProxy */;
			sourceTree = BUILT_PRODUCTS_DIR;
		};
		340BDAD31A4DEEDD00E425FE /* Test Host.app */ = {
			isa = PBXReferenceProxy;
			fileType = wrapper.application;
			path = "Test Host.app";
			remoteRef = 340BDAD21A4DEEDD00E425FE /* PBXContainerItemProxy */;
			sourceTree = BUILT_PRODUCTS_DIR;
		};
		340BDAD51A4DEEDD00E425FE /* KIF Tests - XCTest.xctest */ = {
			isa = PBXReferenceProxy;
			fileType = wrapper.cfbundle;
			path = "KIF Tests - XCTest.xctest";
			remoteRef = 340BDAD41A4DEEDD00E425FE /* PBXContainerItemProxy */;
			sourceTree = BUILT_PRODUCTS_DIR;
		};
		340BDAD71A4DEEDD00E425FE /* KIF Tests-OCUnit.octest */ = {
			isa = PBXReferenceProxy;
			fileType = wrapper.cfbundle;
			path = "KIF Tests-OCUnit.octest";
			remoteRef = 340BDAD61A4DEEDD00E425FE /* PBXContainerItemProxy */;
			sourceTree = BUILT_PRODUCTS_DIR;
		};
/* End PBXReferenceProxy section */

/* Begin PBXResourcesBuildPhase section */
		340BDA741A4DEAB600E425FE /* Resources */ = {
			isa = PBXResourcesBuildPhase;
			buildActionMask = 2147483647;
			files = (
				340BDA851A4DEAB600E425FE /* Main.storyboard in Resources */,
				340BDA8A1A4DEAB600E425FE /* LaunchScreen.xib in Resources */,
				340BDA871A4DEAB600E425FE /* Images.xcassets in Resources */,
			);
			runOnlyForDeploymentPostprocessing = 0;
		};
		340BDA8D1A4DEAB600E425FE /* Resources */ = {
			isa = PBXResourcesBuildPhase;
			buildActionMask = 2147483647;
			files = (
			);
			runOnlyForDeploymentPostprocessing = 0;
		};
/* End PBXResourcesBuildPhase section */

/* Begin PBXSourcesBuildPhase section */
		340BDA721A4DEAB600E425FE /* Sources */ = {
			isa = PBXSourcesBuildPhase;
			buildActionMask = 2147483647;
			files = (
				340BDB1A1A4E244B00E425FE /* AFURLResponseSerialization.m in Sources */,
				348102B31A4F4E9800033E36 /* JIRIssues.m in Sources */,
				340BDB1C1A4E245600E425FE /* AFURLConnectionOperation.m in Sources */,
				348102C01A4F5EC800033E36 /* LDTProjectsDataProvider.m in Sources */,
				340BDB351A4E498100E425FE /* JIRProject.m in Sources */,
				348102A41A4F4E9800033E36 /* JIRIssue.m in Sources */,
				340BDB191A4E244800E425FE /* AFURLSessionManager.m in Sources */,
				340BDB1F1A4E246100E425FE /* AFHTTPSessionManager.m in Sources */,
				340BDB2F1A4E48EC00E425FE /* JIRSession.m in Sources */,
				348102A91A4F4E9800033E36 /* JIRIssueFieldsCreator.m in Sources */,
				348102A71A4F4E9800033E36 /* JIRIssueFieldsAssignee.m in Sources */,
				340BDB211A4E246500E425FE /* AFHTTPRequestOperation.m in Sources */,
				340BDB201A4E246300E425FE /* AFHTTPRequestOperationManager.m in Sources */,
				340BDB1B1A4E244F00E425FE /* AFURLRequestSerialization.m in Sources */,
				348102AB1A4F4E9800033E36 /* JIRIssueFieldsPriority.m in Sources */,
				340BDB1E1A4E245C00E425FE /* AFNetworkReachabilityManager.m in Sources */,
				348102B11A4F4E9800033E36 /* JIRIssueFieldsVotes.m in Sources */,
				348102AD1A4F4E9800033E36 /* JIRIssueFieldsProject.m in Sources */,
				340BDB1D1A4E245A00E425FE /* AFSecurityPolicy.m in Sources */,
				348102AF1A4F4E9800033E36 /* JIRIssueFieldsStatus.m in Sources */,
				348102BA1A4F5E5E00033E36 /* LDTIssuesViewController.m in Sources */,
				348102AC1A4F4E9800033E36 /* JIRIssueFieldsProgress.m in Sources */,
				340BDB291A4E248400E425FE /* AFNetworkActivityIndicatorManager.m in Sources */,
				340BDB361A4E498100E425FE /* JIRProjectAvatarUrls.m in Sources */,
				340BDB171A4E243400E425FE /* AFHTTPRequestSerializer+OAuth2.m in Sources */,
				348102B01A4F4E9800033E36 /* JIRIssueFieldsStatusStatusCategory.m in Sources */,
				340BDB181A4E243600E425FE /* AFOAuth2Manager.m in Sources */,
				348102B21A4F4E9800033E36 /* JIRIssueFieldsWatches.m in Sources */,
				348102AA1A4F4E9800033E36 /* JIRIssueFieldsIssuetype.m in Sources */,
				340BDB281A4E248200E425FE /* UIActivityIndicatorView+AFNetworking.m in Sources */,
				340BDB271A4E247F00E425FE /* UIAlertView+AFNetworking.m in Sources */,
				340BDB261A4E247D00E425FE /* UIButton+AFNetworking.m in Sources */,
				340BDB251A4E247A00E425FE /* UIImageView+AFNetworking.m in Sources */,
				348102A51A4F4E9800033E36 /* JIRIssueFields.m in Sources */,
				348102AE1A4F4E9800033E36 /* JIRIssueFieldsReporter.m in Sources */,
				348102A81A4F4E9800033E36 /* JIRIssueFieldsAssigneeAvatarUrlsIssueFieldsProjectAvatarUrlsIssueFieldsReporterAvatarUrlsIssueFieldsCreatorAvatarUrls.m in Sources */,
				348102B71A4F5E3E00033E36 /* LDTProjectsViewController.m in Sources */,
				340BDB241A4E247700E425FE /* UIProgressView+AFNetworking.m in Sources */,
				340BDB231A4E247000E425FE /* UIRefreshControl+AFNetworking.m in Sources */,
				340BDB221A4E246B00E425FE /* UIWebView+AFNetworking.m in Sources */,
				341D42D91A50538F001896D6 /* LDTGenericTableDataProvider.m in Sources */,
				340BDA7F1A4DEAB600E425FE /* AppDelegate.m in Sources */,
				348102A61A4F4E9800033E36 /* JIRIssueFieldsAggregateprogress.m in Sources */,
				340BDA7C1A4DEAB600E425FE /* main.m in Sources */,
				340BDB301A4E48EC00E425FE /* JIRSessionLoginInfo.m in Sources */,
				348102BD1A4F5EB600033E36 /* LDTIssuesDataProvider.m in Sources */,
				340BDA821A4DEAB600E425FE /* ViewController.m in Sources */,
			);
			runOnlyForDeploymentPostprocessing = 0;
		};
		340BDA8B1A4DEAB600E425FE /* Sources */ = {
			isa = PBXSourcesBuildPhase;
			buildActionMask = 2147483647;
			files = (
				340BDA961A4DEAB600E425FE /* JiraAutherTests.m in Sources */,
			);
			runOnlyForDeploymentPostprocessing = 0;
		};
/* End PBXSourcesBuildPhase section */

/* Begin PBXTargetDependency section */
		340BDA911A4DEAB600E425FE /* PBXTargetDependency */ = {
			isa = PBXTargetDependency;
			target = 340BDA751A4DEAB600E425FE /* JiraAuther */;
			targetProxy = 340BDA901A4DEAB600E425FE /* PBXContainerItemProxy */;
		};
/* End PBXTargetDependency section */

/* Begin PBXVariantGroup section */
		340BDA831A4DEAB600E425FE /* Main.storyboard */ = {
			isa = PBXVariantGroup;
			children = (
				340BDA841A4DEAB600E425FE /* Base */,
			);
			name = Main.storyboard;
			sourceTree = "<group>";
		};
		340BDA881A4DEAB600E425FE /* LaunchScreen.xib */ = {
			isa = PBXVariantGroup;
			children = (
				340BDA891A4DEAB600E425FE /* Base */,
			);
			name = LaunchScreen.xib;
			sourceTree = "<group>";
		};
/* End PBXVariantGroup section */

/* Begin XCBuildConfiguration section */
		340BDA971A4DEAB600E425FE /* Debug */ = {
			isa = XCBuildConfiguration;
			buildSettings = {
				ALWAYS_SEARCH_USER_PATHS = NO;
				CLANG_CXX_LANGUAGE_STANDARD = "gnu++0x";
				CLANG_CXX_LIBRARY = "libc++";
				CLANG_ENABLE_MODULES = YES;
				CLANG_ENABLE_OBJC_ARC = YES;
				CLANG_WARN_BOOL_CONVERSION = YES;
				CLANG_WARN_CONSTANT_CONVERSION = YES;
				CLANG_WARN_DIRECT_OBJC_ISA_USAGE = YES_ERROR;
				CLANG_WARN_EMPTY_BODY = YES;
				CLANG_WARN_ENUM_CONVERSION = YES;
				CLANG_WARN_INT_CONVERSION = YES;
				CLANG_WARN_OBJC_ROOT_CLASS = YES_ERROR;
				CLANG_WARN_UNREACHABLE_CODE = YES;
				CLANG_WARN__DUPLICATE_METHOD_MATCH = YES;
				"CODE_SIGN_IDENTITY[sdk=iphoneos*]" = "iPhone Developer";
				COPY_PHASE_STRIP = NO;
				ENABLE_STRICT_OBJC_MSGSEND = YES;
				GCC_C_LANGUAGE_STANDARD = gnu99;
				GCC_DYNAMIC_NO_PIC = NO;
				GCC_OPTIMIZATION_LEVEL = 0;
				GCC_PREPROCESSOR_DEFINITIONS = (
					"DEBUG=1",
					"$(inherited)",
				);
				GCC_SYMBOLS_PRIVATE_EXTERN = NO;
				GCC_WARN_64_TO_32_BIT_CONVERSION = YES;
				GCC_WARN_ABOUT_RETURN_TYPE = YES_ERROR;
				GCC_WARN_UNDECLARED_SELECTOR = YES;
				GCC_WARN_UNINITIALIZED_AUTOS = YES_AGGRESSIVE;
				GCC_WARN_UNUSED_FUNCTION = YES;
				GCC_WARN_UNUSED_VARIABLE = YES;
				IPHONEOS_DEPLOYMENT_TARGET = 8.1;
				MTL_ENABLE_DEBUG_INFO = YES;
				ONLY_ACTIVE_ARCH = YES;
				SDKROOT = iphoneos;
			};
			name = Debug;
		};
		340BDA981A4DEAB600E425FE /* Release */ = {
			isa = XCBuildConfiguration;
			buildSettings = {
				ALWAYS_SEARCH_USER_PATHS = NO;
				CLANG_CXX_LANGUAGE_STANDARD = "gnu++0x";
				CLANG_CXX_LIBRARY = "libc++";
				CLANG_ENABLE_MODULES = YES;
				CLANG_ENABLE_OBJC_ARC = YES;
				CLANG_WARN_BOOL_CONVERSION = YES;
				CLANG_WARN_CONSTANT_CONVERSION = YES;
				CLANG_WARN_DIRECT_OBJC_ISA_USAGE = YES_ERROR;
				CLANG_WARN_EMPTY_BODY = YES;
				CLANG_WARN_ENUM_CONVERSION = YES;
				CLANG_WARN_INT_CONVERSION = YES;
				CLANG_WARN_OBJC_ROOT_CLASS = YES_ERROR;
				CLANG_WARN_UNREACHABLE_CODE = YES;
				CLANG_WARN__DUPLICATE_METHOD_MATCH = YES;
				"CODE_SIGN_IDENTITY[sdk=iphoneos*]" = "iPhone Developer";
				COPY_PHASE_STRIP = YES;
				ENABLE_NS_ASSERTIONS = NO;
				ENABLE_STRICT_OBJC_MSGSEND = YES;
				GCC_C_LANGUAGE_STANDARD = gnu99;
				GCC_WARN_64_TO_32_BIT_CONVERSION = YES;
				GCC_WARN_ABOUT_RETURN_TYPE = YES_ERROR;
				GCC_WARN_UNDECLARED_SELECTOR = YES;
				GCC_WARN_UNINITIALIZED_AUTOS = YES_AGGRESSIVE;
				GCC_WARN_UNUSED_FUNCTION = YES;
				GCC_WARN_UNUSED_VARIABLE = YES;
				IPHONEOS_DEPLOYMENT_TARGET = 8.1;
				MTL_ENABLE_DEBUG_INFO = NO;
				SDKROOT = iphoneos;
				VALIDATE_PRODUCT = YES;
			};
			name = Release;
		};
		340BDA9A1A4DEAB600E425FE /* Debug */ = {
			isa = XCBuildConfiguration;
			buildSettings = {
				ASSETCATALOG_COMPILER_APPICON_NAME = AppIcon;
				HEADER_SEARCH_PATHS = (
					"$(inherited)",
					/Applications/Xcode.app/Contents/Developer/Toolchains/XcodeDefault.xctoolchain/usr/include,
					"\"$(SRCROOT)/../Vendor/AFNetworking\"/**",
				);
				INFOPLIST_FILE = JiraAuther/Info.plist;
				LD_RUNPATH_SEARCH_PATHS = "$(inherited) @executable_path/Frameworks";
				OTHER_LIBTOOLFLAGS = "-ObjC";
				PRODUCT_NAME = "$(TARGET_NAME)";
			};
			name = Debug;
		};
		340BDA9B1A4DEAB600E425FE /* Release */ = {
			isa = XCBuildConfiguration;
			buildSettings = {
				ASSETCATALOG_COMPILER_APPICON_NAME = AppIcon;
				HEADER_SEARCH_PATHS = (
					"$(inherited)",
					/Applications/Xcode.app/Contents/Developer/Toolchains/XcodeDefault.xctoolchain/usr/include,
					"\"$(SRCROOT)/../Vendor/AFNetworking\"/**",
				);
				INFOPLIST_FILE = JiraAuther/Info.plist;
				LD_RUNPATH_SEARCH_PATHS = "$(inherited) @executable_path/Frameworks";
				OTHER_LIBTOOLFLAGS = "-ObjC";
				PRODUCT_NAME = "$(TARGET_NAME)";
			};
			name = Release;
		};
		340BDA9D1A4DEAB600E425FE /* Debug */ = {
			isa = XCBuildConfiguration;
			buildSettings = {
				BUNDLE_LOADER = "$(TEST_HOST)";
				FRAMEWORK_SEARCH_PATHS = (
					"$(SDKROOT)/Developer/Library/Frameworks",
					"$(inherited)",
				);
				GCC_PREPROCESSOR_DEFINITIONS = (
					"DEBUG=1",
					"$(inherited)",
				);
				INFOPLIST_FILE = JiraAutherTests/Info.plist;
				LD_RUNPATH_SEARCH_PATHS = "$(inherited) @executable_path/Frameworks @loader_path/Frameworks";
				PRODUCT_NAME = "$(TARGET_NAME)";
				TEST_HOST = "$(BUILT_PRODUCTS_DIR)/JiraAuther.app/JiraAuther";
			};
			name = Debug;
		};
		340BDA9E1A4DEAB600E425FE /* Release */ = {
			isa = XCBuildConfiguration;
			buildSettings = {
				BUNDLE_LOADER = "$(TEST_HOST)";
				FRAMEWORK_SEARCH_PATHS = (
					"$(SDKROOT)/Developer/Library/Frameworks",
					"$(inherited)",
				);
				INFOPLIST_FILE = JiraAutherTests/Info.plist;
				LD_RUNPATH_SEARCH_PATHS = "$(inherited) @executable_path/Frameworks @loader_path/Frameworks";
				PRODUCT_NAME = "$(TARGET_NAME)";
				TEST_HOST = "$(BUILT_PRODUCTS_DIR)/JiraAuther.app/JiraAuther";
			};
			name = Release;
		};
/* End XCBuildConfiguration section */

/* Begin XCConfigurationList section */
		340BDA711A4DEAB600E425FE /* Build configuration list for PBXProject "JiraAuther" */ = {
			isa = XCConfigurationList;
			buildConfigurations = (
				340BDA971A4DEAB600E425FE /* Debug */,
				340BDA981A4DEAB600E425FE /* Release */,
			);
			defaultConfigurationIsVisible = 0;
			defaultConfigurationName = Release;
		};
		340BDA991A4DEAB600E425FE /* Build configuration list for PBXNativeTarget "JiraAuther" */ = {
			isa = XCConfigurationList;
			buildConfigurations = (
				340BDA9A1A4DEAB600E425FE /* Debug */,
				340BDA9B1A4DEAB600E425FE /* Release */,
			);
			defaultConfigurationIsVisible = 0;
			defaultConfigurationName = Release;
		};
		340BDA9C1A4DEAB600E425FE /* Build configuration list for PBXNativeTarget "JiraAutherTests" */ = {
			isa = XCConfigurationList;
			buildConfigurations = (
				340BDA9D1A4DEAB600E425FE /* Debug */,
				340BDA9E1A4DEAB600E425FE /* Release */,
			);
			defaultConfigurationIsVisible = 0;
			defaultConfigurationName = Release;
		};
/* End XCConfigurationList section */
	};
	rootObject = 340BDA6E1A4DEAB600E425FE /* Project object */;
}
